PODS:
  - AFNetworking (3.1.0):
    - AFNetworking/NSURLSession (= 3.1.0)
    - AFNetworking/Reachability (= 3.1.0)
    - AFNetworking/Security (= 3.1.0)
    - AFNetworking/Serialization (= 3.1.0)
    - AFNetworking/UIKit (= 3.1.0)
  - AFNetworking/NSURLSession (3.1.0):
    - AFNetworking/Reachability
    - AFNetworking/Security
    - AFNetworking/Serialization
  - AFNetworking/Reachability (3.1.0)
  - AFNetworking/Security (3.1.0)
  - AFNetworking/Serialization (3.1.0)
  - AFNetworking/UIKit (3.1.0):
    - AFNetworking/NSURLSession
  - GPUImage (0.1.7)
  - HappyDNS (0.3.10)
  - pili-librtmp (1.0.4)
  - PLCameraStreamingKit (1.8.0):
    - GPUImage (= 0.1.7)
    - PLCameraStreamingKit/precompiled (= 1.8.0)
    - PLStreamingKit (~> 1.2.0)
  - PLCameraStreamingKit/precompiled (1.8.0):
    - GPUImage (= 0.1.7)
    - PLStreamingKit (~> 1.2.0)
  - PLPlayerKit (2.2.4):
    - HappyDNS (~> 0.3.10)
    - pili-librtmp (= 1.0.4)
    - PLPlayerKit/precompiled (= 2.2.4)
  - PLPlayerKit/precompiled (2.2.4):
    - HappyDNS (~> 0.3.10)
    - pili-librtmp (= 1.0.4)
  - PLStreamingKit (1.2.4):
    - HappyDNS
    - pili-librtmp
    - PLStreamingKit/precompiled (= 1.2.4)
  - PLStreamingKit/precompiled (1.2.4):
    - HappyDNS
    - pili-librtmp
  - WeiboSDK (3.1.3)

DEPENDENCIES:
  - AFNetworking (~> 3.0)
  - PLCameraStreamingKit
  - PLPlayerKit
  - WeiboSDK

SPEC CHECKSUMS:
  AFNetworking: 5e0e199f73d8626b11e79750991f5d173d1f8b67
  GPUImage: 733a5f0fab92df9de1c37ba9df520a833ccb406d
  HappyDNS: 06a9fed2796663fd87626dbf02552933265bf059
  pili-librtmp: bc768bc3971edad732fd5e66f0ee991fa1a0a257
  PLCameraStreamingKit: 03b4bce4218edeb18a0060d8849eb5d7b2af4a5d
  PLPlayerKit: 30e419fa90e84df34922e6dd5d5833d7e4348bf4
  PLStreamingKit: c8574decbacb981e36e5b95314c991a3b5d02125
  WeiboSDK: acb067053668102cf07d01aa7604350162c2e466

PODFILE CHECKSUM: 59c3b89c7fc15c25449eccd8b059d0a7959f5284

COCOAPODS: 1.0.1
